<?xml version="1.0" encoding="utf-8"?>
<Project ToolsVersion="16.0" xmlns="http://schemas.microsoft.com/developer/msbuild/2003">
  <ItemGroup>
    <ClCompile Include="C:\Users\ghaza\Documents\GitHub\computer-graphics-ray-casting\src\Plane.cpp">
      <Filter>Source Files</Filter>
    </ClCompile>
    <ClCompile Include="C:\Users\ghaza\Documents\GitHub\computer-graphics-ray-casting\src\Sphere.cpp">
      <Filter>Source Files</Filter>
    </ClCompile>
    <ClCompile Include="C:\Users\ghaza\Documents\GitHub\computer-graphics-ray-casting\src\Triangle.cpp">
      <Filter>Source Files</Filter>
    </ClCompile>
    <ClCompile Include="C:\Users\ghaza\Documents\GitHub\computer-graphics-ray-casting\src\TriangleSoup.cpp">
      <Filter>Source Files</Filter>
    </ClCompile>
    <ClCompile Include="C:\Users\ghaza\Documents\GitHub\computer-graphics-ray-casting\src\first_hit.cpp">
      <Filter>Source Files</Filter>
    </ClCompile>
    <ClCompile Include="C:\Users\ghaza\Documents\GitHub\computer-graphics-ray-casting\src\viewing_ray.cpp">
      <Filter>Source Files</Filter>
    </ClCompile>
    <ClCompile Include="C:\Users\ghaza\Documents\GitHub\computer-graphics-ray-casting\src\write_ppm.cpp">
      <Filter>Source Files</Filter>
    </ClCompile>
    <ClCompile Include="C:\Users\ghaza\Documents\GitHub\computer-graphics-ray-casting\main.cpp">
      <Filter>Source Files</Filter>
    </ClCompile>
  </ItemGroup>
  <ItemGroup>
    <CustomBuild Include="C:\Users\ghaza\Documents\GitHub\computer-graphics-ray-casting\CMakeLists.txt" />
  </ItemGroup>
  <ItemGroup>
    <Filter Include="Source Files">
      <UniqueIdentifier>{B4F58C50-3C94-3DC1-B1E7-9A0AD1F0FC05}</UniqueIdentifier>
    </Filter>
  </ItemGroup>
</Project>
